// !$*UTF8*$!
{
	archiveVersion = 1;
	classes = {
	};
	objectVersion = 77;
	objects = {

/* Begin PBXContainerItemProxy section */
		94D1049D2DAF7F3D00F38836 /* PBXContainerItemProxy */ = {
			isa = PBXContainerItemProxy;
			containerPortal = 94D104842DAF7F3C00F38836 /* Project object */;
			proxyType = 1;
			remoteGlobalIDString = 94D1048B2DAF7F3C00F38836;
			remoteInfo = TrainingMindMuscle;
		};
		94D104A72DAF7F3E00F38836 /* PBXContainerItemProxy */ = {
			isa = PBXContainerItemProxy;
			containerPortal = 94D104842DAF7F3C00F38836 /* Project object */;
			proxyType = 1;
			remoteGlobalIDString = 94D1048B2DAF7F3C00F38836;
			remoteInfo = TrainingMindMuscle;
		};
/* End PBXContainerItemProxy section */

/* Begin PBXFileReference section */
		94D1048C2DAF7F3C00F38836 /* TrainingMindMuscle.app */ = {isa = PBXFileReference; explicitFileType = wrapper.application; includeInIndex = 0; path = TrainingMindMuscle.app; sourceTree = BUILT_PRODUCTS_DIR; };
		94D1049C2DAF7F3D00F38836 /* TrainingMindMuscleTests.xctest */ = {isa = PBXFileReference; explicitFileType = wrapper.cfbundle; includeInIndex = 0; path = TrainingMindMuscleTests.xctest; sourceTree = BUILT_PRODUCTS_DIR; };
		94D104A62DAF7F3E00F38836 /* TrainingMindMuscleUITests.xctest */ = {isa = PBXFileReference; explicitFileType = wrapper.cfbundle; includeInIndex = 0; path = TrainingMindMuscleUITests.xctest; sourceTree = BUILT_PRODUCTS_DIR; };
/* End PBXFileReference section */

/* Begin PBXFileSystemSynchronizedRootGroup section */
		94D1048E2DAF7F3C00F38836 /* TrainingMindMuscle */ = {
			isa = PBXFileSystemSynchronizedRootGroup;
			path = TrainingMindMuscle;
			sourceTree = "<group>";
		};
		94D1049F2DAF7F3D00F38836 /* TrainingMindMuscleTests */ = {
			isa = PBXFileSystemSynchronizedRootGroup;
			path = TrainingMindMuscleTests;
			sourceTree = "<group>";
		};
		94D104A92DAF7F3E00F38836 /* TrainingMindMuscleUITests */ = {
			isa = PBXFileSystemSynchronizedRootGroup;
			path = TrainingMindMuscleUITests;
			sourceTree = "<group>";
		};
/* End PBXFileSystemSynchronizedRootGroup section */

/* Begin PBXFrameworksBuildPhase section */
		94D104892DAF7F3C00F38836 /* Frameworks */ = {
			isa = PBXFrameworksBuildPhase;
			buildActionMask = 2147483647;
			files = (
			);
			runOnlyForDeploymentPostprocessing = 0;
		};
		94D104992DAF7F3D00F38836 /* Frameworks */ = {
			isa = PBXFrameworksBuildPhase;
			buildActionMask = 2147483647;
			files = (
			);
			runOnlyForDeploymentPostprocessing = 0;
		};
		94D104A32DAF7F3E00F38836 /* Frameworks */ = {
			isa = PBXFrameworksBuildPhase;
			buildActionMask = 2147483647;
			files = (
			);
			runOnlyForDeploymentPostprocessing = 0;
		};
/* End PBXFrameworksBuildPhase section */

/* Begin PBXGroup section */
		94D104832DAF7F3C00F38836 = {
			isa = PBXGroup;
			children = (
				94D1048E2DAF7F3C00F38836 /* TrainingMindMuscle */,
				94D1049F2DAF7F3D00F38836 /* TrainingMindMuscleTests */,
				94D104A92DAF7F3E00F38836 /* TrainingMindMuscleUITests */,
				94D1048D2DAF7F3C00F38836 /* Products */,
			);
			sourceTree = "<group>";
		};
		94D1048D2DAF7F3C00F38836 /* Products */ = {
			isa = PBXGroup;
			children = (
				94D1048C2DAF7F3C00F38836 /* TrainingMindMuscle.app */,
				94D1049C2DAF7F3D00F38836 /* TrainingMindMuscleTests.xctest */,
				94D104A62DAF7F3E00F38836 /* TrainingMindMuscleUITests.xctest */,
			);
			name = Products;
			sourceTree = "<group>";
		};
/* End PBXGroup section */

/* Begin PBXNativeTarget section */
		94D1048B2DAF7F3C00F38836 /* TrainingMindMuscle */ = {
			isa = PBXNativeTarget;
			buildConfigurationList = 94D104B02DAF7F3E00F38836 /* Build configuration list for PBXNativeTarget "TrainingMindMuscle" */;
			buildPhases = (
				94D104882DAF7F3C00F38836 /* Sources */,
				94D104892DAF7F3C00F38836 /* Frameworks */,
				94D1048A2DAF7F3C00F38836 /* Resources */,
			);
			buildRules = (
			);
			dependencies = (
			);
			fileSystemSynchronizedGroups = (
				94D1048E2DAF7F3C00F38836 /* TrainingMindMuscle */,
			);
			name = TrainingMindMuscle;
			packageProductDependencies = (
			);
			productName = TrainingMindMuscle;
			productReference = 94D1048C2DAF7F3C00F38836 /* TrainingMindMuscle.app */;
			productType = "com.apple.product-type.application";
		};
		94D1049B2DAF7F3D00F38836 /* TrainingMindMuscleTests */ = {
			isa = PBXNativeTarget;
			buildConfigurationList = 94D104B32DAF7F3E00F38836 /* Build configuration list for PBXNativeTarget "TrainingMindMuscleTests" */;
			buildPhases = (
				94D104982DAF7F3D00F38836 /* Sources */,
				94D104992DAF7F3D00F38836 /* Frameworks */,
				94D1049A2DAF7F3D00F38836 /* Resources */,
			);
			buildRules = (
			);
			dependencies = (
				94D1049E2DAF7F3D00F38836 /* PBXTargetDependency */,
			);
			fileSystemSynchronizedGroups = (
				94D1049F2DAF7F3D00F38836 /* TrainingMindMuscleTests */,
			);
			name = TrainingMindMuscleTests;
			packageProductDependencies = (
			);
			productName = TrainingMindMuscleTests;
			productReference = 94D1049C2DAF7F3D00F38836 /* TrainingMindMuscleTests.xctest */;
			productType = "com.apple.product-type.bundle.unit-test";
		};
		94D104A52DAF7F3E00F38836 /* TrainingMindMuscleUITests */ = {
			isa = PBXNativeTarget;
			buildConfigurationList = 94D104B62DAF7F3E00F38836 /* Build configuration list for PBXNativeTarget "TrainingMindMuscleUITests" */;
			buildPhases = (
				94D104A22DAF7F3E00F38836 /* Sources */,
				94D104A32DAF7F3E00F38836 /* Frameworks */,
				94D104A42DAF7F3E00F38836 /* Resources */,
			);
			buildRules = (
			);
			dependencies = (
				94D104A82DAF7F3E00F38836 /* PBXTargetDependency */,
			);
			fileSystemSynchronizedGroups = (
				94D104A92DAF7F3E00F38836 /* TrainingMindMuscleUITests */,
			);
			name = TrainingMindMuscleUITests;
			packageProductDependencies = (
			);
			productName = TrainingMindMuscleUITests;
			productReference = 94D104A62DAF7F3E00F38836 /* TrainingMindMuscleUITests.xctest */;
			productType = "com.apple.product-type.bundle.ui-testing";
		};
/* End PBXNativeTarget section */

/* Begin PBXProject section */
		94D104842DAF7F3C00F38836 /* Project object */ = {
			isa = PBXProject;
			attributes = {
				BuildIndependentTargetsInParallel = 1;
				LastSwiftUpdateCheck = 1620;
				LastUpgradeCheck = 1620;
				TargetAttributes = {
					94D1048B2DAF7F3C00F38836 = {
						CreatedOnToolsVersion = 16.2;
					};
					94D1049B2DAF7F3D00F38836 = {
						CreatedOnToolsVersion = 16.2;
						TestTargetID = 94D1048B2DAF7F3C00F38836;
					};
					94D104A52DAF7F3E00F38836 = {
						CreatedOnToolsVersion = 16.2;
						TestTargetID = 94D1048B2DAF7F3C00F38836;
					};
				};
			};
			buildConfigurationList = 94D104872DAF7F3C00F38836 /* Build configuration list for PBXProject "TrainingMindMuscle" */;
			developmentRegion = en;
			hasScannedForEncodings = 0;
			knownRegions = (
				en,
				Base,
			);
			mainGroup = 94D104832DAF7F3C00F38836;
			minimizedProjectReferenceProxies = 1;
			preferredProjectObjectVersion = 77;
			productRefGroup = 94D1048D2DAF7F3C00F38836 /* Products */;
			projectDirPath = "";
			projectRoot = "";
			targets = (
				94D1048B2DAF7F3C00F38836 /* TrainingMindMuscle */,
				94D1049B2DAF7F3D00F38836 /* TrainingMindMuscleTests */,
				94D104A52DAF7F3E00F38836 /* TrainingMindMuscleUITests */,
			);
		};
/* End PBXProject section */

/* Begin PBXResourcesBuildPhase section */
		94D1048A2DAF7F3C00F38836 /* Resources */ = {
			isa = PBXResourcesBuildPhase;
			buildActionMask = 2147483647;
			files = (
			);
			runOnlyForDeploymentPostprocessing = 0;
		};
		94D1049A2DAF7F3D00F38836 /* Resources */ = {
			isa = PBXResourcesBuildPhase;
			buildActionMask = 2147483647;
			files = (
			);
			runOnlyForDeploymentPostprocessing = 0;
		};
		94D104A42DAF7F3E00F38836 /* Resources */ = {
			isa = PBXResourcesBuildPhase;
			buildActionMask = 2147483647;
			files = (
			);
			runOnlyForDeploymentPostprocessing = 0;
		};
/* End PBXResourcesBuildPhase section */

/* Begin PBXSourcesBuildPhase section */
		94D104882DAF7F3C00F38836 /* Sources */ = {
			isa = PBXSourcesBuildPhase;
			buildActionMask = 2147483647;
			files = (
			);
			runOnlyForDeploymentPostprocessing = 0;
		};
		94D104982DAF7F3D00F38836 /* Sources */ = {
			isa = PBXSourcesBuildPhase;
			buildActionMask = 2147483647;
			files = (
			);
			runOnlyForDeploymentPostprocessing = 0;
		};
		94D104A22DAF7F3E00F38836 /* Sources */ = {
			isa = PBXSourcesBuildPhase;
			buildActionMask = 2147483647;
			files = (
			);
			runOnlyForDeploymentPostprocessing = 0;
		};
/* End PBXSourcesBuildPhase section */

/* Begin PBXTargetDependency section */
		94D1049E2DAF7F3D00F38836 /* PBXTargetDependency */ = {
			isa = PBXTargetDependency;
			target = 94D1048B2DAF7F3C00F38836 /* TrainingMindMuscle */;
			targetProxy = 94D1049D2DAF7F3D00F38836 /* PBXContainerItemProxy */;
		};
		94D104A82DAF7F3E00F38836 /* PBXTargetDependency */ = {
			isa = PBXTargetDependency;
			target = 94D1048B2DAF7F3C00F38836 /* TrainingMindMuscle */;
			targetProxy = 94D104A72DAF7F3E00F38836 /* PBXContainerItemProxy */;
		};
/* End PBXTargetDependency section */

/* Begin XCBuildConfiguration section */
		94D104AE2DAF7F3E00F38836 /* Debug */ = {
			isa = XCBuildConfiguration;
			buildSettings = {
				ALWAYS_SEARCH_USER_PATHS = NO;
				ASSETCATALOG_COMPILER_GENERATE_SWIFT_ASSET_SYMBOL_EXTENSIONS = YES;
				CLANG_ANALYZER_NONNULL = YES;
				CLANG_ANALYZER_NUMBER_OBJECT_CONVERSION = YES_AGGRESSIVE;
				CLANG_CXX_LANGUAGE_STANDARD = "gnu++20";
				CLANG_ENABLE_MODULES = YES;
				CLANG_ENABLE_OBJC_ARC = YES;
				CLANG_ENABLE_OBJC_WEAK = YES;
				CLANG_WARN_BLOCK_CAPTURE_AUTORELEASING = YES;
				CLANG_WARN_BOOL_CONVERSION = YES;
				CLANG_WARN_COMMA = YES;
				CLANG_WARN_CONSTANT_CONVERSION = YES;
				CLANG_WARN_DEPRECATED_OBJC_IMPLEMENTATIONS = YES;
				CLANG_WARN_DIRECT_OBJC_ISA_USAGE = YES_ERROR;
				CLANG_WARN_DOCUMENTATION_COMMENTS = YES;
				CLANG_WARN_EMPTY_BODY = YES;
				CLANG_WARN_ENUM_CONVERSION = YES;
				CLANG_WARN_INFINITE_RECURSION = YES;
				CLANG_WARN_INT_CONVERSION = YES;
				CLANG_WARN_NON_LITERAL_NULL_CONVERSION = YES;
				CLANG_WARN_OBJC_IMPLICIT_RETAIN_SELF = YES;
				CLANG_WARN_OBJC_LITERAL_CONVERSION = YES;
				CLANG_WARN_OBJC_ROOT_CLASS = YES_ERROR;
				CLANG_WARN_QUOTED_INCLUDE_IN_FRAMEWORK_HEADER = YES;
				CLANG_WARN_RANGE_LOOP_ANALYSIS = YES;
				CLANG_WARN_STRICT_PROTOTYPES = YES;
				CLANG_WARN_SUSPICIOUS_MOVE = YES;
				CLANG_WARN_UNGUARDED_AVAILABILITY = YES_AGGRESSIVE;
				CLANG_WARN_UNREACHABLE_CODE = YES;
				CLANG_WARN__DUPLICATE_METHOD_MATCH = YES;
				COPY_PHASE_STRIP = NO;
				DEBUG_INFORMATION_FORMAT = dwarf;
				ENABLE_STRICT_OBJC_MSGSEND = YES;
				ENABLE_TESTABILITY = YES;
				ENABLE_USER_SCRIPT_SANDBOXING = YES;
				GCC_C_LANGUAGE_STANDARD = gnu17;
				GCC_DYNAMIC_NO_PIC = NO;
				GCC_NO_COMMON_BLOCKS = YES;
				GCC_OPTIMIZATION_LEVEL = 0;
				GCC_PREPROCESSOR_DEFINITIONS = (
					"DEBUG=1",
					"$(inherited)",
				);
				GCC_WARN_64_TO_32_BIT_CONVERSION = YES;
				GCC_WARN_ABOUT_RETURN_TYPE = YES_ERROR;
				GCC_WARN_UNDECLARED_SELECTOR = YES;
				GCC_WARN_UNINITIALIZED_AUTOS = YES_AGGRESSIVE;
				GCC_WARN_UNUSED_FUNCTION = YES;
				GCC_WARN_UNUSED_VARIABLE = YES;
				IPHONEOS_DEPLOYMENT_TARGET = 18.2;
				LOCALIZATION_PREFERS_STRING_CATALOGS = YES;
				MTL_ENABLE_DEBUG_INFO = INCLUDE_SOURCE;
				MTL_FAST_MATH = YES;
				ONLY_ACTIVE_ARCH = YES;
				SDKROOT = iphoneos;
				SWIFT_ACTIVE_COMPILATION_CONDITIONS = "DEBUG $(inherited)";
				SWIFT_OPTIMIZATION_LEVEL = "-Onone";
			};
			name = Debug;
		};
		94D104AF2DAF7F3E00F38836 /* Release */ = {
			isa = XCBuildConfiguration;
			buildSettings = {
				ALWAYS_SEARCH_USER_PATHS = NO;
				ASSETCATALOG_COMPILER_GENERATE_SWIFT_ASSET_SYMBOL_EXTENSIONS = YES;
				CLANG_ANALYZER_NONNULL = YES;
				CLANG_ANALYZER_NUMBER_OBJECT_CONVERSION = YES_AGGRESSIVE;
				CLANG_CXX_LANGUAGE_STANDARD = "gnu++20";
				CLANG_ENABLE_MODULES = YES;
				CLANG_ENABLE_OBJC_ARC = YES;
				CLANG_ENABLE_OBJC_WEAK = YES;
				CLANG_WARN_BLOCK_CAPTURE_AUTORELEASING = YES;
				CLANG_WARN_BOOL_CONVERSION = YES;
				CLANG_WARN_COMMA = YES;
				CLANG_WARN_CONSTANT_CONVERSION = YES;
				CLANG_WARN_DEPRECATED_OBJC_IMPLEMENTATIONS = YES;
				CLANG_WARN_DIRECT_OBJC_ISA_USAGE = YES_ERROR;
				CLANG_WARN_DOCUMENTATION_COMMENTS = YES;
				CLANG_WARN_EMPTY_BODY = YES;
				CLANG_WARN_ENUM_CONVERSION = YES;
				CLANG_WARN_INFINITE_RECURSION = YES;
				CLANG_WARN_INT_CONVERSION = YES;
				CLANG_WARN_NON_LITERAL_NULL_CONVERSION = YES;
				CLANG_WARN_OBJC_IMPLICIT_RETAIN_SELF = YES;
				CLANG_WARN_OBJC_LITERAL_CONVERSION = YES;
				CLANG_WARN_OBJC_ROOT_CLASS = YES_ERROR;
				CLANG_WARN_QUOTED_INCLUDE_IN_FRAMEWORK_HEADER = YES;
				CLANG_WARN_RANGE_LOOP_ANALYSIS = YES;
				CLANG_WARN_STRICT_PROTOTYPES = YES;
				CLANG_WARN_SUSPICIOUS_MOVE = YES;
				CLANG_WARN_UNGUARDED_AVAILABILITY = YES_AGGRESSIVE;
				CLANG_WARN_UNREACHABLE_CODE = YES;
				CLANG_WARN__DUPLICATE_METHOD_MATCH = YES;
				COPY_PHASE_STRIP = NO;
				DEBUG_INFORMATION_FORMAT = "dwarf-with-dsym";
				ENABLE_NS_ASSERTIONS = NO;
				ENABLE_STRICT_OBJC_MSGSEND = YES;
				ENABLE_USER_SCRIPT_SANDBOXING = YES;
				GCC_C_LANGUAGE_STANDARD = gnu17;
				GCC_NO_COMMON_BLOCKS = YES;
				GCC_WARN_64_TO_32_BIT_CONVERSION = YES;
				GCC_WARN_ABOUT_RETURN_TYPE = YES_ERROR;
				GCC_WARN_UNDECLARED_SELECTOR = YES;
				GCC_WARN_UNINITIALIZED_AUTOS = YES_AGGRESSIVE;
				GCC_WARN_UNUSED_FUNCTION = YES;
				GCC_WARN_UNUSED_VARIABLE = YES;
				IPHONEOS_DEPLOYMENT_TARGET = 18.2;
				LOCALIZATION_PREFERS_STRING_CATALOGS = YES;
				MTL_ENABLE_DEBUG_INFO = NO;
				MTL_FAST_MATH = YES;
				SDKROOT = iphoneos;
				SWIFT_COMPILATION_MODE = wholemodule;
				VALIDATE_PRODUCT = YES;
			};
			name = Release;
		};
		94D104B12DAF7F3E00F38836 /* Debug */ = {
			isa = XCBuildConfiguration;
			buildSettings = {
				ASSETCATALOG_COMPILER_APPICON_NAME = AppIcon;
				ASSETCATALOG_COMPILER_GLOBAL_ACCENT_COLOR_NAME = AccentColor;
				CODE_SIGN_STYLE = Automatic;
				CURRENT_PROJECT_VERSION = 1;
				DEVELOPMENT_ASSET_PATHS = "\"TrainingMindMuscle/Preview Content\"";
				DEVELOPMENT_TEAM = VTQUW9KX3J;
				ENABLE_PREVIEWS = YES;
				GENERATE_INFOPLIST_FILE = YES;
				INFOPLIST_KEY_UIApplicationSceneManifest_Generation = YES;
				INFOPLIST_KEY_UIApplicationSupportsIndirectInputEvents = YES;
				INFOPLIST_KEY_UILaunchScreen_Generation = YES;
				INFOPLIST_KEY_UISupportedInterfaceOrientations_iPad = "UIInterfaceOrientationPortrait UIInterfaceOrientationPortraitUpsideDown UIInterfaceOrientationLandscapeLeft UIInterfaceOrientationLandscapeRight";
				INFOPLIST_KEY_UISupportedInterfaceOrientations_iPhone = "UIInterfaceOrientationPortrait UIInterfaceOrientationLandscapeLeft UIInterfaceOrientationLandscapeRight";
				LD_RUNPATH_SEARCH_PATHS = (
					"$(inherited)",
					"@executable_path/Frameworks",
				);
				MARKETING_VERSION = 1.0;
				PRODUCT_BUNDLE_IDENTIFIER = personal.TrainingMindMuscle;
				PRODUCT_NAME = "$(TARGET_NAME)";
				SWIFT_EMIT_LOC_STRINGS = YES;
				SWIFT_VERSION = 5.0;
				TARGETED_DEVICE_FAMILY = "1,2";
			};
			name = Debug;
		};
		94D104B22DAF7F3E00F38836 /* Release */ = {
			isa = XCBuildConfiguration;
			buildSettings = {
				ASSETCATALOG_COMPILER_APPICON_NAME = AppIcon;
				ASSETCATALOG_COMPILER_GLOBAL_ACCENT_COLOR_NAME = AccentColor;
				CODE_SIGN_STYLE = Automatic;
				CURRENT_PROJECT_VERSION = 1;
				DEVELOPMENT_ASSET_PATHS = "\"TrainingMindMuscle/Preview Content\"";
				DEVELOPMENT_TEAM = VTQUW9KX3J;
				ENABLE_PREVIEWS = YES;
				GENERATE_INFOPLIST_FILE = YES;
				INFOPLIST_KEY_UIApplicationSceneManifest_Generation = YES;
				INFOPLIST_KEY_UIApplicationSupportsIndirectInputEvents = YES;
				INFOPLIST_KEY_UILaunchScreen_Generation = YES;
				INFOPLIST_KEY_UISupportedInterfaceOrientations_iPad = "UIInterfaceOrientationPortrait UIInterfaceOrientationPortraitUpsideDown UIInterfaceOrientationLandscapeLeft UIInterfaceOrientationLandscapeRight";
				INFOPLIST_KEY_UISupportedInterfaceOrientations_iPhone = "UIInterfaceOrientationPortrait UIInterfaceOrientationLandscapeLeft UIInterfaceOrientationLandscapeRight";
				LD_RUNPATH_SEARCH_PATHS = (
					"$(inherited)",
					"@executable_path/Frameworks",
				);
				MARKETING_VERSION = 1.0;
				PRODUCT_BUNDLE_IDENTIFIER = personal.TrainingMindMuscle;
				PRODUCT_NAME = "$(TARGET_NAME)";
				SWIFT_EMIT_LOC_STRINGS = YES;
				SWIFT_VERSION = 5.0;
				TARGETED_DEVICE_FAMILY = "1,2";
			};
			name = Release;
		};
		94D104B42DAF7F3E00F38836 /* Debug */ = {
			isa = XCBuildConfiguration;
			buildSettings = {
				BUNDLE_LOADER = "$(TEST_HOST)";
				CODE_SIGN_STYLE = Automatic;
				CURRENT_PROJECT_VERSION = 1;
				DEVELOPMENT_TEAM = VTQUW9KX3J;
				GENERATE_INFOPLIST_FILE = YES;
				IPHONEOS_DEPLOYMENT_TARGET = 18.2;
				MARKETING_VERSION = 1.0;
				PRODUCT_BUNDLE_IDENTIFIER = personal.TrainingMindMuscleTests;
				PRODUCT_NAME = "$(TARGET_NAME)";
				SWIFT_EMIT_LOC_STRINGS = NO;
				SWIFT_VERSION = 5.0;
				TARGETED_DEVICE_FAMILY = "1,2";
				TEST_HOST = "$(BUILT_PRODUCTS_DIR)/TrainingMindMuscle.app/$(BUNDLE_EXECUTABLE_FOLDER_PATH)/TrainingMindMuscle";
			};
			name = Debug;
		};
		94D104B52DAF7F3E00F38836 /* Release */ = {
			isa = XCBuildConfiguration;
			buildSettings = {
				BUNDLE_LOADER = "$(TEST_HOST)";
				CODE_SIGN_STYLE = Automatic;
				CURRENT_PROJECT_VERSION = 1;
				DEVELOPMENT_TEAM = VTQUW9KX3J;
				GENERATE_INFOPLIST_FILE = YES;
				IPHONEOS_DEPLOYMENT_TARGET = 18.2;
				MARKETING_VERSION = 1.0;
				PRODUCT_BUNDLE_IDENTIFIER = personal.TrainingMindMuscleTests;
				PRODUCT_NAME = "$(TARGET_NAME)";
				SWIFT_EMIT_LOC_STRINGS = NO;
				SWIFT_VERSION = 5.0;
				TARGETED_DEVICE_FAMILY = "1,2";
				TEST_HOST = "$(BUILT_PRODUCTS_DIR)/TrainingMindMuscle.app/$(BUNDLE_EXECUTABLE_FOLDER_PATH)/TrainingMindMuscle";
			};
			name = Release;
		};
		94D104B72DAF7F3E00F38836 /* Debug */ = {
			isa = XCBuildConfiguration;
			buildSettings = {
				CODE_SIGN_STYLE = Automatic;
				CURRENT_PROJECT_VERSION = 1;
				DEVELOPMENT_TEAM = VTQUW9KX3J;
				GENERATE_INFOPLIST_FILE = YES;
				MARKETING_VERSION = 1.0;
				PRODUCT_BUNDLE_IDENTIFIER = personal.TrainingMindMuscleUITests;
				PRODUCT_NAME = "$(TARGET_NAME)";
				SWIFT_EMIT_LOC_STRINGS = NO;
				SWIFT_VERSION = 5.0;
				TARGETED_DEVICE_FAMILY = "1,2";
				TEST_TARGET_NAME = TrainingMindMuscle;
			};
			name = Debug;
		};
		94D104B82DAF7F3E00F38836 /* Release */ = {
			isa = XCBuildConfiguration;
			buildSettings = {
				CODE_SIGN_STYLE = Automatic;
				CURRENT_PROJECT_VERSION = 1;
				DEVELOPMENT_TEAM = VTQUW9KX3J;
				GENERATE_INFOPLIST_FILE = YES;
				MARKETING_VERSION = 1.0;
				PRODUCT_BUNDLE_IDENTIFIER = personal.TrainingMindMuscleUITests;
				PRODUCT_NAME = "$(TARGET_NAME)";
				SWIFT_EMIT_LOC_STRINGS = NO;
				SWIFT_VERSION = 5.0;
				TARGETED_DEVICE_FAMILY = "1,2";
				TEST_TARGET_NAME = TrainingMindMuscle;
			};
			name = Release;
		};
/* End XCBuildConfiguration section */

/* Begin XCConfigurationList section */
		94D104872DAF7F3C00F38836 /* Build configuration list for PBXProject "TrainingMindMuscle" */ = {
			isa = XCConfigurationList;
			buildConfigurations = (
				94D104AE2DAF7F3E00F38836 /* Debug */,
				94D104AF2DAF7F3E00F38836 /* Release */,
			);
			defaultConfigurationIsVisible = 0;
			defaultConfigurationName = Release;
		};
		94D104B02DAF7F3E00F38836 /* Build configuration list for PBXNativeTarget "TrainingMindMuscle" */ = {
			isa = XCConfigurationList;
			buildConfigurations = (
				94D104B12DAF7F3E00F38836 /* Debug */,
				94D104B22DAF7F3E00F38836 /* Release */,
			);
			defaultConfigurationIsVisible = 0;
			defaultConfigurationName = Release;
		};
		94D104B32DAF7F3E00F38836 /* Build configuration list for PBXNativeTarget "TrainingMindMuscleTests" */ = {
			isa = XCConfigurationList;
			buildConfigurations = (
				94D104B42DAF7F3E00F38836 /* Debug */,
				94D104B52DAF7F3E00F38836 /* Release */,
			);
			defaultConfigurationIsVisible = 0;
			defaultConfigurationName = Release;
		};
		94D104B62DAF7F3E00F38836 /* Build configuration list for PBXNativeTarget "TrainingMindMuscleUITests" */ = {
			isa = XCConfigurationList;
			buildConfigurations = (
				94D104B72DAF7F3E00F38836 /* Debug */,
				94D104B82DAF7F3E00F38836 /* Release */,
			);
			defaultConfigurationIsVisible = 0;
			defaultConfigurationName = Release;
		};
/* End XCConfigurationList section */
	};
	rootObject = 94D104842DAF7F3C00F38836 /* Project object */;
}
